
Microsoft Visual Studio Solution File, Format Version 12.00
# Visual Studio Version 17
VisualStudioVersion = 17.0.31903.59
MinimumVisualStudioVersion = 10.0.40219.1
Project("{FAE04EC0-301F-11D3-BF4B-00C04F79EFBC}") = "API", "API\API.csproj", "{20EDA66D-5AE5-4FCF-B21F-6E78E29C49A8}"
EndProject
Project("{FAE04EC0-301F-11D3-BF4B-00C04F79EFBC}") = "ApplicationLogic", "ApplicationLogic\ApplicationLogic.csproj", "{C407ADFA-A920-4A6B-93DD-32A2FF2780DD}"
EndProject
Project("{FAE04EC0-301F-11D3-BF4B-00C04F79EFBC}") = "Persistence", "Persistence\Persistence.csproj", "{9B7F366C-5375-4740-9643-9BD5D984F59B}"
EndProject
Project("{FAE04EC0-301F-11D3-BF4B-00C04F79EFBC}") = "Models", "Models\Models.csproj", "{EBD3C960-A5C9-494F-864B-6DEEBBE6B5BA}"
EndProject
Global
	GlobalSection(SolutionConfigurationPlatforms) = preSolution
		Debug|Any CPU = Debug|Any CPU
		Release|Any CPU = Release|Any CPU
	EndGlobalSection
	GlobalSection(SolutionProperties) = preSolution
		HideSolutionNode = FALSE
	EndGlobalSection
	GlobalSection(ProjectConfigurationPlatforms) = postSolution
		{20EDA66D-5AE5-4FCF-B21F-6E78E29C49A8}.Debug|Any CPU.ActiveCfg = Debug|Any CPU
		{20EDA66D-5AE5-4FCF-B21F-6E78E29C49A8}.Debug|Any CPU.Build.0 = Debug|Any CPU
		{20EDA66D-5AE5-4FCF-B21F-6E78E29C49A8}.Release|Any CPU.ActiveCfg = Release|Any CPU
		{20EDA66D-5AE5-4FCF-B21F-6E78E29C49A8}.Release|Any CPU.Build.0 = Release|Any CPU
		{C407ADFA-A920-4A6B-93DD-32A2FF2780DD}.Debug|Any CPU.ActiveCfg = Debug|Any CPU
		{C407ADFA-A920-4A6B-93DD-32A2FF2780DD}.Debug|Any CPU.Build.0 = Debug|Any CPU
		{C407ADFA-A920-4A6B-93DD-32A2FF2780DD}.Release|Any CPU.ActiveCfg = Release|Any CPU
		{C407ADFA-A920-4A6B-93DD-32A2FF2780DD}.Release|Any CPU.Build.0 = Release|Any CPU
		{9B7F366C-5375-4740-9643-9BD5D984F59B}.Debug|Any CPU.ActiveCfg = Debug|Any CPU
		{9B7F366C-5375-4740-9643-9BD5D984F59B}.Debug|Any CPU.Build.0 = Debug|Any CPU
		{9B7F366C-5375-4740-9643-9BD5D984F59B}.Release|Any CPU.ActiveCfg = Release|Any CPU
		{9B7F366C-5375-4740-9643-9BD5D984F59B}.Release|Any CPU.Build.0 = Release|Any CPU
		{EBD3C960-A5C9-494F-864B-6DEEBBE6B5BA}.Debug|Any CPU.ActiveCfg = Debug|Any CPU
		{EBD3C960-A5C9-494F-864B-6DEEBBE6B5BA}.Debug|Any CPU.Build.0 = Debug|Any CPU
		{EBD3C960-A5C9-494F-864B-6DEEBBE6B5BA}.Release|Any CPU.ActiveCfg = Release|Any CPU
		{EBD3C960-A5C9-494F-864B-6DEEBBE6B5BA}.Release|Any CPU.Build.0 = Release|Any CPU
	EndGlobalSection
EndGlobal
